{
  "nodes": {
    "nixpkgs": {
      "locked": {
        "lastModified": 1693045087,
        "narHash": "sha256-/YkGqJJ7xJsYGmN+1Q+J74kFYrdIN1W7GqQnuCSrMj8=",
        "owner": "NixOS",
        "repo": "nixpkgs",
        "rev": "84892848d2622ba26279b8d959374dd5cbddc70d",
        "type": "github"
      },
      "original": {
        "id": "nixpkgs",
        "type": "indirect"
      }
    },
    "nixpkgs_biber": {
      "locked": {
        "lastModified": 1671268780,
        "narHash": "sha256-9Okbivo10bcXEGCtmAQNfJt1Zpk6B3tjkSQ2CIXmTCg=",
        "owner": "NixOS",
        "repo": "nixpkgs",
        "rev": "80c24eeb9ff46aa99617844d0c4168659e35175f",
        "type": "github"
      },
      "original": {
        "owner": "NixOS",
        "repo": "nixpkgs",
        "rev": "80c24eeb9ff46aa99617844d0c4168659e35175f",
        "type": "github"
      }
    },
    "root": {
      "inputs": {
        "nixpkgs": "nixpkgs",
        "nixpkgs_biber": "nixpkgs_biber"
      }
    }
  },
  "root": "root",
  "version": 7
}
