{
  "nodes": {
    "crane": {
      "inputs": {
        "flake-compat": [
          "system-manager",
          "pre-commit-hooks",
          "flake-compat"
        ],
        "flake-utils": [
          "system-manager",
          "flake-utils"
        ],
        "nixpkgs": [
          "system-manager",
          "nixpkgs"
        ],
        "rust-overlay": [
          "system-manager",
          "rust-overlay"
        ]
      },
      "locked": {
        "lastModified": 1691803597,
        "narHash": "sha256-khWW1Owzselq5o816Lb7x624d6QGnv+kpronK3ndkr4=",
        "owner": "ipetkov",
        "repo": "crane",
        "rev": "7809d369710abb17767b624f9e72b500373580bc",
        "type": "github"
      },
      "original": {
        "owner": "ipetkov",
        "repo": "crane",
        "type": "github"
      }
    },
    "devshell": {
      "inputs": {
        "nixpkgs": [
          "system-manager",
          "nixpkgs"
        ],
        "systems": "systems"
      },
      "locked": {
        "lastModified": 1692523566,
        "narHash": "sha256-VDJDihK6jNebVw9y3qKCVD6+6QaC/x8kxZzL4MaIPPY=",
        "owner": "numtide",
        "repo": "devshell",
        "rev": "d208c58e2f7afef838add5f18a9936b12a71d695",
        "type": "github"
      },
      "original": {
        "owner": "numtide",
        "repo": "devshell",
        "type": "github"
      }
    },
    "flake-compat": {
      "flake": false,
      "locked": {
        "lastModified": 1673956053,
        "narHash": "sha256-4gtG9iQuiKITOjNQQeQIpoIB6b16fm+504Ch3sNKLd8=",
        "owner": "edolstra",
        "repo": "flake-compat",
        "rev": "35bb57c0c8d8b62bbfd284272c928ceb64ddbde9",
        "type": "github"
      },
      "original": {
        "owner": "edolstra",
        "repo": "flake-compat",
        "type": "github"
      }
    },
    "flake-utils": {
      "inputs": {
        "systems": "systems_2"
      },
      "locked": {
        "lastModified": 1689068808,
        "narHash": "sha256-6ixXo3wt24N/melDWjq70UuHQLxGV8jZvooRanIHXw0=",
        "owner": "numtide",
        "repo": "flake-utils",
        "rev": "919d646de7be200f3bf08cb76ae1f09402b6f9b4",
        "type": "github"
      },
      "original": {
        "owner": "numtide",
        "repo": "flake-utils",
        "type": "github"
      }
    },
    "gitignore": {
      "inputs": {
        "nixpkgs": [
          "system-manager",
          "pre-commit-hooks",
          "nixpkgs"
        ]
      },
      "locked": {
        "lastModified": 1660459072,
        "narHash": "sha256-8DFJjXG8zqoONA1vXtgeKXy68KdJL5UaXR8NtVMUbx8=",
        "owner": "hercules-ci",
        "repo": "gitignore.nix",
        "rev": "a20de23b925fd8264fd7fad6454652e142fd7f73",
        "type": "github"
      },
      "original": {
        "owner": "hercules-ci",
        "repo": "gitignore.nix",
        "type": "github"
      }
    },
    "haumea": {
      "inputs": {
        "nixpkgs": [
          "nixpkgs-config",
          "nixpkgs"
        ]
      },
      "locked": {
        "lastModified": 1685133229,
        "narHash": "sha256-FePm/Gi9PBSNwiDFq3N+DWdfxFq0UKsVVTJS3cQPn94=",
        "owner": "nix-community",
        "repo": "haumea",
        "rev": "34dd58385092a23018748b50f9b23de6266dffc2",
        "type": "github"
      },
      "original": {
        "owner": "nix-community",
        "ref": "v0.2.2",
        "repo": "haumea",
        "type": "github"
      }
    },
    "home-attrs": {
      "locked": {
        "lastModified": 1692765139,
        "narHash": "sha256-b4cNtqrWG/JXhjzMtpJgB5+4XCMWG6yJ0B2FRy8Gh6U=",
        "ref": "refs/heads/master",
        "rev": "992627954216d1e4b3d8b44a951edbb62c759935",
        "revCount": 8,
        "type": "git",
        "url": "ssh://git@github.com/bryango/attrs.git"
      },
      "original": {
        "type": "git",
        "url": "ssh://git@github.com/bryango/attrs.git"
      }
    },
    "home-manager": {
      "inputs": {
        "nixpkgs": [
          "nixpkgs-config"
        ]
      },
      "locked": {
        "lastModified": 1690982105,
        "narHash": "sha256-32AzoLuwhtxBItcULRiCnxRfJcbVXbPZSH9TDVg21mU=",
        "owner": "nix-community",
        "repo": "home-manager",
        "rev": "b2ac1d2c32ac11b8d231d23622cdc4b2f28d07d2",
        "type": "github"
      },
      "original": {
        "id": "home-manager",
        "type": "indirect"
      }
    },
    "nixpkgs": {
      "locked": {
        "lastModified": 1692808169,
        "narHash": "sha256-x9Opq06rIiwdwGeK2Ykj69dNc2IvUH1fY55Wm7atwrE=",
        "owner": "NixOS",
        "repo": "nixpkgs",
        "rev": "9201b5ff357e781bf014d0330d18555695df7ba8",
        "type": "github"
      },
      "original": {
        "id": "nixpkgs",
        "type": "indirect"
      }
    },
    "nixpkgs-config": {
      "inputs": {
        "haumea": "haumea",
        "nixpkgs": "nixpkgs",
        "nixpkgs_python2": [
          "nixpkgs-config",
          "nixpkgs"
        ]
      },
      "locked": {
        "lastModified": 1692936421,
        "narHash": "sha256-1JIt6HlAI0h34K+rt+RZOD4NKkTJy454ZX0Ob8thCjc=",
        "ref": "refs/heads/master",
        "rev": "0d8e28ab4d631bd63a88e03de33089b760e34e4b",
        "revCount": 112,
        "type": "git",
        "url": "file:./nixpkgs-config"
      },
      "original": {
        "type": "git",
        "url": "file:./nixpkgs-config"
      }
    },
    "nixpkgs-stable": {
      "locked": {
        "lastModified": 1685801374,
        "narHash": "sha256-otaSUoFEMM+LjBI1XL/xGB5ao6IwnZOXc47qhIgJe8U=",
        "owner": "NixOS",
        "repo": "nixpkgs",
        "rev": "c37ca420157f4abc31e26f436c1145f8951ff373",
        "type": "github"
      },
      "original": {
        "owner": "NixOS",
        "ref": "nixos-23.05",
        "repo": "nixpkgs",
        "type": "github"
      }
    },
    "pre-commit-hooks": {
      "inputs": {
        "flake-compat": "flake-compat",
        "flake-utils": [
          "system-manager",
          "flake-utils"
        ],
        "gitignore": "gitignore",
        "nixpkgs": [
          "system-manager",
          "nixpkgs"
        ],
        "nixpkgs-stable": "nixpkgs-stable"
      },
      "locked": {
        "lastModified": 1692274144,
        "narHash": "sha256-BxTQuRUANQ81u8DJznQyPmRsg63t4Yc+0kcyq6OLz8s=",
        "owner": "cachix",
        "repo": "pre-commit-hooks.nix",
        "rev": "7e3517c03d46159fdbf8c0e5c97f82d5d4b0c8fa",
        "type": "github"
      },
      "original": {
        "owner": "cachix",
        "repo": "pre-commit-hooks.nix",
        "type": "github"
      }
    },
    "root": {
      "inputs": {
        "home-attrs": "home-attrs",
        "home-manager": "home-manager",
        "nixpkgs-config": "nixpkgs-config",
        "system-manager": "system-manager"
      }
    },
    "rust-overlay": {
      "inputs": {
        "flake-utils": [
          "system-manager",
          "flake-utils"
        ],
        "nixpkgs": [
          "system-manager",
          "nixpkgs"
        ]
      },
      "locked": {
        "lastModified": 1692583777,
        "narHash": "sha256-D3v08OenqaVOqL8Vvv98E6jWnrLIMyleNSX5vgY8o2s=",
        "owner": "oxalica",
        "repo": "rust-overlay",
        "rev": "603a1600324f9b4511d7ab5bdc38cb14ba8370a5",
        "type": "github"
      },
      "original": {
        "owner": "oxalica",
        "repo": "rust-overlay",
        "type": "github"
      }
    },
    "system-manager": {
      "inputs": {
        "crane": "crane",
        "devshell": "devshell",
        "flake-utils": "flake-utils",
        "nixpkgs": [
          "nixpkgs-config",
          "nixpkgs"
        ],
        "pre-commit-hooks": "pre-commit-hooks",
        "rust-overlay": "rust-overlay",
        "treefmt-nix": "treefmt-nix"
      },
      "locked": {
        "lastModified": 1692792269,
        "narHash": "sha256-pwh7QRXHhxBwLG61hFpDskrI+f4/MFg4a4RqThTgnqc=",
        "owner": "numtide",
        "repo": "system-manager",
        "rev": "81409f535ec923203c48beabfdb981ed9dbd0248",
        "type": "github"
      },
      "original": {
        "owner": "numtide",
        "repo": "system-manager",
        "type": "github"
      }
    },
    "systems": {
      "locked": {
        "lastModified": 1681028828,
        "narHash": "sha256-Vy1rq5AaRuLzOxct8nz4T6wlgyUR7zLU309k9mBC768=",
        "owner": "nix-systems",
        "repo": "default",
        "rev": "da67096a3b9bf56a91d16901293e51ba5b49a27e",
        "type": "github"
      },
      "original": {
        "owner": "nix-systems",
        "repo": "default",
        "type": "github"
      }
    },
    "systems_2": {
      "locked": {
        "lastModified": 1681028828,
        "narHash": "sha256-Vy1rq5AaRuLzOxct8nz4T6wlgyUR7zLU309k9mBC768=",
        "owner": "nix-systems",
        "repo": "default",
        "rev": "da67096a3b9bf56a91d16901293e51ba5b49a27e",
        "type": "github"
      },
      "original": {
        "owner": "nix-systems",
        "repo": "default",
        "type": "github"
      }
    },
    "treefmt-nix": {
      "inputs": {
        "nixpkgs": [
          "system-manager",
          "nixpkgs"
        ]
      },
      "locked": {
        "lastModified": 1692524468,
        "narHash": "sha256-wJffwu1deOgc3c/cBIZQ52dfWfPWBzjOamYBX121hcw=",
        "owner": "numtide",
        "repo": "treefmt-nix",
        "rev": "e2761d701581d8dcc4e0e88aecfde317ddf6f0cd",
        "type": "github"
      },
      "original": {
        "owner": "numtide",
        "repo": "treefmt-nix",
        "type": "github"
      }
    }
  },
  "root": "root",
  "version": 7
}
